
Microsoft Visual Studio Solution File, Format Version 12.00
Project("{FAE04EC0-301F-11D3-BF4B-00C04F79EFBC}") = "ReactBoard1", "ReactBoard1\ReactBoard1.csproj", "{57FCA8B5-D4D0-4739-926B-E8003A735F3B}"
EndProject
Project("{FAE04EC0-301F-11D3-BF4B-00C04F79EFBC}") = "ReactBoard1.Models", "ReactBoard1.Models\ReactBoard1.Models.csproj", "{6EC88508-1871-4613-9EF3-DBC4EE3095A6}"
EndProject
Project("{FAE04EC0-301F-11D3-BF4B-00C04F79EFBC}") = "ReactBoard1ApiTest", "ReactBoard1ApiTest\ReactBoard1ApiTest.csproj", "{FDA785C7-D146-42EB-B1FC-738045AF13B1}"
EndProject
Global
	GlobalSection(SolutionConfigurationPlatforms) = preSolution
		Debug|Any CPU = Debug|Any CPU
		Release|Any CPU = Release|Any CPU
	EndGlobalSection
	GlobalSection(ProjectConfigurationPlatforms) = postSolution
		{57FCA8B5-D4D0-4739-926B-E8003A735F3B}.Debug|Any CPU.ActiveCfg = Debug|Any CPU
		{57FCA8B5-D4D0-4739-926B-E8003A735F3B}.Debug|Any CPU.Build.0 = Debug|Any CPU
		{57FCA8B5-D4D0-4739-926B-E8003A735F3B}.Release|Any CPU.ActiveCfg = Release|Any CPU
		{57FCA8B5-D4D0-4739-926B-E8003A735F3B}.Release|Any CPU.Build.0 = Release|Any CPU
		{6EC88508-1871-4613-9EF3-DBC4EE3095A6}.Debug|Any CPU.ActiveCfg = Debug|Any CPU
		{6EC88508-1871-4613-9EF3-DBC4EE3095A6}.Debug|Any CPU.Build.0 = Debug|Any CPU
		{6EC88508-1871-4613-9EF3-DBC4EE3095A6}.Release|Any CPU.ActiveCfg = Release|Any CPU
		{6EC88508-1871-4613-9EF3-DBC4EE3095A6}.Release|Any CPU.Build.0 = Release|Any CPU
		{FDA785C7-D146-42EB-B1FC-738045AF13B1}.Debug|Any CPU.ActiveCfg = Debug|Any CPU
		{FDA785C7-D146-42EB-B1FC-738045AF13B1}.Debug|Any CPU.Build.0 = Debug|Any CPU
		{FDA785C7-D146-42EB-B1FC-738045AF13B1}.Release|Any CPU.ActiveCfg = Release|Any CPU
		{FDA785C7-D146-42EB-B1FC-738045AF13B1}.Release|Any CPU.Build.0 = Release|Any CPU
	EndGlobalSection
EndGlobal
